
Microsoft Visual Studio Solution File, Format Version 12.00
# Visual Studio 15
VisualStudioVersion = 15.0.28010.2046
MinimumVisualStudioVersion = 10.0.40219.1
Project("{FAE04EC0-301F-11D3-BF4B-00C04F79EFBC}") = "FindNoLANServerFixer", "FindNoLANServerFixer\FindNoLANServerFixer.csproj", "{BD0041EC-B428-40D3-B74B-F76F945F87AD}"
EndProject
Global
	GlobalSection(SolutionConfigurationPlatforms) = preSolution
		Debug|Any CPU = Debug|Any CPU
		Release|Any CPU = Release|Any CPU
	EndGlobalSection
	GlobalSection(ProjectConfigurationPlatforms) = postSolution
		{BD0041EC-B428-40D3-B74B-F76F945F87AD}.Debug|Any CPU.ActiveCfg = Debug|Any CPU
		{BD0041EC-B428-40D3-B74B-F76F945F87AD}.Debug|Any CPU.Build.0 = Debug|Any CPU
		{BD0041EC-B428-40D3-B74B-F76F945F87AD}.Release|Any CPU.ActiveCfg = Release|Any CPU
		{BD0041EC-B428-40D3-B74B-F76F945F87AD}.Release|Any CPU.Build.0 = Release|Any CPU
	EndGlobalSection
	GlobalSection(SolutionProperties) = preSolution
		HideSolutionNode = FALSE
	EndGlobalSection
	GlobalSection(ExtensibilityGlobals) = postSolution
		SolutionGuid = {D7FB0ADB-9900-4872-A7CA-58D29DCC5D67}
	EndGlobalSection
EndGlobal
